
Microsoft Visual Studio Solution File, Format Version 12.00
# Visual Studio Version 17
VisualStudioVersion = 17.4.33103.184
MinimumVisualStudioVersion = 10.0.40219.1
Project("{FAE04EC0-301F-11D3-BF4B-00C04F79EFBC}") = "Forum.Idenity", "Forum.Idenity\Forum.Idenity.csproj", "{7BF143CF-D3A4-40F3-96FB-6EDBC4E0AA68}"
EndProject
Global
	GlobalSection(SolutionConfigurationPlatforms) = preSolution
		Debug|Any CPU = Debug|Any CPU
		Release|Any CPU = Release|Any CPU
	EndGlobalSection
	GlobalSection(ProjectConfigurationPlatforms) = postSolution
		{7BF143CF-D3A4-40F3-96FB-6EDBC4E0AA68}.Debug|Any CPU.ActiveCfg = Debug|Any CPU
		{7BF143CF-D3A4-40F3-96FB-6EDBC4E0AA68}.Debug|Any CPU.Build.0 = Debug|Any CPU
		{7BF143CF-D3A4-40F3-96FB-6EDBC4E0AA68}.Release|Any CPU.ActiveCfg = Release|Any CPU
		{7BF143CF-D3A4-40F3-96FB-6EDBC4E0AA68}.Release|Any CPU.Build.0 = Release|Any CPU
	EndGlobalSection
	GlobalSection(SolutionProperties) = preSolution
		HideSolutionNode = FALSE
	EndGlobalSection
	GlobalSection(ExtensibilityGlobals) = postSolution
		SolutionGuid = {625A28EC-55ED-4B58-9F60-26E3E7C96EE0}
	EndGlobalSection
EndGlobal
